
Microsoft Visual Studio Solution File, Format Version 12.00
# Visual Studio Version 17
VisualStudioVersion = 17.8.34322.80
MinimumVisualStudioVersion = 10.0.40219.1
Project("{2150E333-8FDC-42A3-9474-1A3956D46DE8}") = "Solution Items", "Solution Items", "{8EC462FD-D22E-90A8-E5CE-7E832BA40C5D}"
EndProject
Project("{FAE04EC0-301F-11D3-BF4B-00C04F79EFBC}") = "LibraryAPI", "LibraryAPI\LibraryAPI.csproj", "{8AE79801-3817-F19D-9539-72EAE078E0E4}"
EndProject
Project("{FAE04EC0-301F-11D3-BF4B-00C04F79EFBC}") = "TicketService.API", "TicketService.API\TicketService.API.csproj", "{34BF4821-4796-BBA4-0CD8-113CA551321B}"
EndProject
Global
	GlobalSection(SolutionConfigurationPlatforms) = preSolution
		Debug|Any CPU = Debug|Any CPU
		Release|Any CPU = Release|Any CPU
	EndGlobalSection
	GlobalSection(ProjectConfigurationPlatforms) = postSolution
		{8AE79801-3817-F19D-9539-72EAE078E0E4}.Debug|Any CPU.ActiveCfg = Debug|Any CPU
		{8AE79801-3817-F19D-9539-72EAE078E0E4}.Debug|Any CPU.Build.0 = Debug|Any CPU
		{8AE79801-3817-F19D-9539-72EAE078E0E4}.Release|Any CPU.ActiveCfg = Release|Any CPU
		{8AE79801-3817-F19D-9539-72EAE078E0E4}.Release|Any CPU.Build.0 = Release|Any CPU
		{34BF4821-4796-BBA4-0CD8-113CA551321B}.Debug|Any CPU.ActiveCfg = Debug|Any CPU
		{34BF4821-4796-BBA4-0CD8-113CA551321B}.Debug|Any CPU.Build.0 = Debug|Any CPU
		{34BF4821-4796-BBA4-0CD8-113CA551321B}.Release|Any CPU.ActiveCfg = Release|Any CPU
		{34BF4821-4796-BBA4-0CD8-113CA551321B}.Release|Any CPU.Build.0 = Release|Any CPU
	EndGlobalSection
	GlobalSection(SolutionProperties) = preSolution
		HideSolutionNode = FALSE
	EndGlobalSection
	GlobalSection(ExtensibilityGlobals) = postSolution
		SolutionGuid = {5D85D069-4E15-45F0-82AA-7750E4657C76}
	EndGlobalSection
EndGlobal
